
Microsoft Visual Studio Solution File, Format Version 12.00
# Visual Studio Version 16
VisualStudioVersion = 16.0.29025.244
MinimumVisualStudioVersion = 10.0.40219.1
Project("{FAE04EC0-301F-11D3-BF4B-00C04F79EFBC}") = "Dunja", "Dunja\Dunja.csproj", "{6CB3D75E-3F9E-4CFC-A817-C0E6F99BA169}"
EndProject
Global
	GlobalSection(SolutionConfigurationPlatforms) = preSolution
		Debug|Any CPU = Debug|Any CPU
		Release|Any CPU = Release|Any CPU
	EndGlobalSection
	GlobalSection(ProjectConfigurationPlatforms) = postSolution
		{6CB3D75E-3F9E-4CFC-A817-C0E6F99BA169}.Debug|Any CPU.ActiveCfg = Debug|Any CPU
		{6CB3D75E-3F9E-4CFC-A817-C0E6F99BA169}.Debug|Any CPU.Build.0 = Debug|Any CPU
		{6CB3D75E-3F9E-4CFC-A817-C0E6F99BA169}.Release|Any CPU.ActiveCfg = Release|Any CPU
		{6CB3D75E-3F9E-4CFC-A817-C0E6F99BA169}.Release|Any CPU.Build.0 = Release|Any CPU
	EndGlobalSection
	GlobalSection(SolutionProperties) = preSolution
		HideSolutionNode = FALSE
	EndGlobalSection
	GlobalSection(ExtensibilityGlobals) = postSolution
		SolutionGuid = {DCB91105-13A7-4F76-B79C-66D6BD462225}
	EndGlobalSection
EndGlobal
